# THIS IS AN AUTOGENERATED FILE. DO NOT EDIT THIS FILE DIRECTLY.
# yarn lockfile v1


"@aikochan2k6/qrcode-terminal@^0.12.1":
  version "0.12.1"
  resolved "https://registry.npmjs.org/@aikochan2k6/qrcode-terminal/-/qrcode-terminal-0.12.1.tgz"
  integrity sha512-GfSrCCqKti0XyomCOaFRL//dnEpDux4tJleywuYChjHue+pqjM0lP39cQq8qtmfcOm1CqhWQeB6JS6kY4tQ8Tw==

"@discordjs/builders@^1.6.1":
  version "1.6.3"
  resolved "https://registry.npmjs.org/@discordjs/builders/-/builders-1.6.3.tgz"
  integrity sha512-CTCh8NqED3iecTNuiz49mwSsrc2iQb4d0MjMdmS/8pb69Y4IlzJ/DIy/p5GFlgOrFbNO2WzMHkWKQSiJ3VNXaw==
  dependencies:
    "@discordjs/formatters" "^0.3.1"
    "@discordjs/util" "^0.3.1"
    "@sapphire/shapeshift" "^3.8.2"
    discord-api-types "^0.37.41"
    fast-deep-equal "^3.1.3"
    ts-mixer "^6.0.3"
    tslib "^2.5.0"

"@discordjs/collection@^1.5.0":
  version "1.5.1"
  resolved "https://registry.npmjs.org/@discordjs/collection/-/collection-1.5.1.tgz"
  integrity sha512-aWEc9DCf3TMDe9iaJoOnO2+JVAjeRNuRxPZQA6GVvBf+Z3gqUuWYBy2NWh4+5CLYq5uoc3MOvUQ5H5m8CJBqOA==

"@discordjs/formatters@^0.3.1":
  version "0.3.1"
  resolved "https://registry.npmjs.org/@discordjs/formatters/-/formatters-0.3.1.tgz"
  integrity sha512-M7X4IGiSeh4znwcRGcs+49B5tBkNDn4k5bmhxJDAUhRxRHTiFAOTVUNQ6yAKySu5jZTnCbSvTYHW3w0rAzV1MA==
  dependencies:
    discord-api-types "^0.37.41"

"@discordjs/util@^0.3.1":
  version "0.3.1"
  resolved "https://registry.npmjs.org/@discordjs/util/-/util-0.3.1.tgz"
  integrity sha512-HxXKYKg7vohx2/OupUN/4Sd02Ev3PBJ5q0gtjdcvXb0ErCva8jNHWfe/v5sU3UKjIB/uxOhc+TDOnhqffj9pRA==

"@discordjs/voice@^0.16.0":
  version "0.16.0"
  resolved "https://registry.npmjs.org/@discordjs/voice/-/voice-0.16.0.tgz"
  integrity sha512-ToGCvHD1cBscuW3p+C7zOF5+L7MJmU4GjdOARfNk9mkHyFFZq4grK+Sxr3QXKbp27DtfDBc9uqD4GUOYgxngfA==
  dependencies:
    "@types/ws" "^8.5.4"
    discord-api-types "^0.37.37"
    prism-media "^1.3.5"
    tslib "^2.5.0"
    ws "^8.13.0"

"@esbuild/android-arm64@0.18.11":
  version "0.18.11"
  resolved "https://registry.yarnpkg.com/@esbuild/android-arm64/-/android-arm64-0.18.11.tgz#fa6f0cc7105367cb79cc0a8bf32bf50cb1673e45"
  integrity sha512-snieiq75Z1z5LJX9cduSAjUr7vEI1OdlzFPMw0HH5YI7qQHDd3qs+WZoMrWYDsfRJSq36lIA6mfZBkvL46KoIw==

"@esbuild/android-arm@0.18.11":
  version "0.18.11"
  resolved "https://registry.yarnpkg.com/@esbuild/android-arm/-/android-arm-0.18.11.tgz#ae84a410696c9f549a15be94eaececb860bacacb"
  integrity sha512-q4qlUf5ucwbUJZXF5tEQ8LF7y0Nk4P58hOsGk3ucY0oCwgQqAnqXVbUuahCddVHfrxmpyewRpiTHwVHIETYu7Q==

"@esbuild/android-x64@0.18.11":
  version "0.18.11"
  resolved "https://registry.yarnpkg.com/@esbuild/android-x64/-/android-x64-0.18.11.tgz#0e58360bbc789ad0d68174d32ba20e678c2a16b6"
  integrity sha512-iPuoxQEV34+hTF6FT7om+Qwziv1U519lEOvekXO9zaMMlT9+XneAhKL32DW3H7okrCOBQ44BMihE8dclbZtTuw==

"@esbuild/darwin-arm64@0.18.11":
  version "0.18.11"
  resolved "https://registry.yarnpkg.com/@esbuild/darwin-arm64/-/darwin-arm64-0.18.11.tgz#fcdcd2ef76ca656540208afdd84f284072f0d1f9"
  integrity sha512-Gm0QkI3k402OpfMKyQEEMG0RuW2LQsSmI6OeO4El2ojJMoF5NLYb3qMIjvbG/lbMeLOGiW6ooU8xqc+S0fgz2w==

"@esbuild/darwin-x64@0.18.11":
  version "0.18.11"
  resolved "https://registry.yarnpkg.com/@esbuild/darwin-x64/-/darwin-x64-0.18.11.tgz#c5ac602ec0504a8ff81e876bc8a9811e94d69d37"
  integrity sha512-N15Vzy0YNHu6cfyDOjiyfJlRJCB/ngKOAvoBf1qybG3eOq0SL2Lutzz9N7DYUbb7Q23XtHPn6lMDF6uWbGv9Fw==

"@esbuild/freebsd-arm64@0.18.11":
  version "0.18.11"
  resolved "https://registry.yarnpkg.com/@esbuild/freebsd-arm64/-/freebsd-arm64-0.18.11.tgz#7012fb06ee3e6e0d5560664a65f3fefbcc46db2e"
  integrity sha512-atEyuq6a3omEY5qAh5jIORWk8MzFnCpSTUruBgeyN9jZq1K/QI9uke0ATi3MHu4L8c59CnIi4+1jDKMuqmR71A==

"@esbuild/freebsd-x64@0.18.11":
  version "0.18.11"
  resolved "https://registry.yarnpkg.com/@esbuild/freebsd-x64/-/freebsd-x64-0.18.11.tgz#c5de1199f70e1f97d5c8fca51afa9bf9a2af5969"
  integrity sha512-XtuPrEfBj/YYYnAAB7KcorzzpGTvOr/dTtXPGesRfmflqhA4LMF0Gh/n5+a9JBzPuJ+CGk17CA++Hmr1F/gI0Q==

"@esbuild/linux-arm64@0.18.11":
  version "0.18.11"
  resolved "https://registry.yarnpkg.com/@esbuild/linux-arm64/-/linux-arm64-0.18.11.tgz#2a6d3a74e0b8b5f294e22b4515b29f76ebd42660"
  integrity sha512-c6Vh2WS9VFKxKZ2TvJdA7gdy0n6eSy+yunBvv4aqNCEhSWVor1TU43wNRp2YLO9Vng2G+W94aRz+ILDSwAiYog==

"@esbuild/linux-arm@0.18.11":
  version "0.18.11"
  resolved "https://registry.yarnpkg.com/@esbuild/linux-arm/-/linux-arm-0.18.11.tgz#5175bd61b793b436e4aece6328aa0d9be07751e1"
  integrity sha512-Idipz+Taso/toi2ETugShXjQ3S59b6m62KmLHkJlSq/cBejixmIydqrtM2XTvNCywFl3VC7SreSf6NV0i6sRyg==

"@esbuild/linux-ia32@0.18.11":
  version "0.18.11"
  resolved "https://registry.yarnpkg.com/@esbuild/linux-ia32/-/linux-ia32-0.18.11.tgz#20ee6cfd65a398875f321a485e7b2278e5f6f67b"
  integrity sha512-S3hkIF6KUqRh9n1Q0dSyYcWmcVa9Cg+mSoZEfFuzoYXXsk6196qndrM+ZiHNwpZKi3XOXpShZZ+9dfN5ykqjjw==

"@esbuild/linux-loong64@0.18.11":
  version "0.18.11"
  resolved "https://registry.yarnpkg.com/@esbuild/linux-loong64/-/linux-loong64-0.18.11.tgz#8e7b251dede75083bf44508dab5edce3f49d052b"
  integrity sha512-MRESANOoObQINBA+RMZW+Z0TJWpibtE7cPFnahzyQHDCA9X9LOmGh68MVimZlM9J8n5Ia8lU773te6O3ILW8kw==

"@esbuild/linux-mips64el@0.18.11":
  version "0.18.11"
  resolved "https://registry.yarnpkg.com/@esbuild/linux-mips64el/-/linux-mips64el-0.18.11.tgz#a3125eb48538ac4932a9d05089b157f94e443165"
  integrity sha512-qVyPIZrXNMOLYegtD1u8EBccCrBVshxMrn5MkuFc3mEVsw7CCQHaqZ4jm9hbn4gWY95XFnb7i4SsT3eflxZsUg==

"@esbuild/linux-ppc64@0.18.11":
  version "0.18.11"
  resolved "https://registry.yarnpkg.com/@esbuild/linux-ppc64/-/linux-ppc64-0.18.11.tgz#842abadb7a0995bd539adee2be4d681b68279499"
  integrity sha512-T3yd8vJXfPirZaUOoA9D2ZjxZX4Gr3QuC3GztBJA6PklLotc/7sXTOuuRkhE9W/5JvJP/K9b99ayPNAD+R+4qQ==

"@esbuild/linux-riscv64@0.18.11":
  version "0.18.11"
  resolved "https://registry.yarnpkg.com/@esbuild/linux-riscv64/-/linux-riscv64-0.18.11.tgz#7ce6e6cee1c72d5b4d2f4f8b6fcccf4a9bea0e28"
  integrity sha512-evUoRPWiwuFk++snjH9e2cAjF5VVSTj+Dnf+rkO/Q20tRqv+644279TZlPK8nUGunjPAtQRCj1jQkDAvL6rm2w==

"@esbuild/linux-s390x@0.18.11":
  version "0.18.11"
  resolved "https://registry.yarnpkg.com/@esbuild/linux-s390x/-/linux-s390x-0.18.11.tgz#98fbc794363d02ded07d300df2e535650b297b96"
  integrity sha512-/SlRJ15XR6i93gRWquRxYCfhTeC5PdqEapKoLbX63PLCmAkXZHY2uQm2l9bN0oPHBsOw2IswRZctMYS0MijFcg==

"@esbuild/linux-x64@0.18.11":
  version "0.18.11"
  resolved "https://registry.npmjs.org/@esbuild/linux-x64/-/linux-x64-0.18.11.tgz"
  integrity sha512-xcncej+wF16WEmIwPtCHi0qmx1FweBqgsRtEL1mSHLFR6/mb3GEZfLQnx+pUDfRDEM4DQF8dpXIW7eDOZl1IbA==

"@esbuild/netbsd-x64@0.18.11":
  version "0.18.11"
  resolved "https://registry.yarnpkg.com/@esbuild/netbsd-x64/-/netbsd-x64-0.18.11.tgz#a7b2f991b8293748a7be42eac1c4325faf0c7cca"
  integrity sha512-aSjMHj/F7BuS1CptSXNg6S3M4F3bLp5wfFPIJM+Km2NfIVfFKhdmfHF9frhiCLIGVzDziggqWll0B+9AUbud/Q==

"@esbuild/openbsd-x64@0.18.11":
  version "0.18.11"
  resolved "https://registry.yarnpkg.com/@esbuild/openbsd-x64/-/openbsd-x64-0.18.11.tgz#3e50923de84c54008f834221130fd23646072b2f"
  integrity sha512-tNBq+6XIBZtht0xJGv7IBB5XaSyvYPCm1PxJ33zLQONdZoLVM0bgGqUrXnJyiEguD9LU4AHiu+GCXy/Hm9LsdQ==

"@esbuild/sunos-x64@0.18.11":
  version "0.18.11"
  resolved "https://registry.yarnpkg.com/@esbuild/sunos-x64/-/sunos-x64-0.18.11.tgz#ae47a550b0cd395de03606ecfba03cc96c7c19e2"
  integrity sha512-kxfbDOrH4dHuAAOhr7D7EqaYf+W45LsAOOhAet99EyuxxQmjbk8M9N4ezHcEiCYPaiW8Dj3K26Z2V17Gt6p3ng==

"@esbuild/win32-arm64@0.18.11":
  version "0.18.11"
  resolved "https://registry.yarnpkg.com/@esbuild/win32-arm64/-/win32-arm64-0.18.11.tgz#05d364582b7862d7fbf4698ef43644f7346dcfcc"
  integrity sha512-Sh0dDRyk1Xi348idbal7lZyfSkjhJsdFeuC13zqdipsvMetlGiFQNdO+Yfp6f6B4FbyQm7qsk16yaZk25LChzg==

"@esbuild/win32-ia32@0.18.11":
  version "0.18.11"
  resolved "https://registry.yarnpkg.com/@esbuild/win32-ia32/-/win32-ia32-0.18.11.tgz#a3372095a4a1939da672156a3c104f8ce85ee616"
  integrity sha512-o9JUIKF1j0rqJTFbIoF4bXj6rvrTZYOrfRcGyL0Vm5uJ/j5CkBD/51tpdxe9lXEDouhRgdr/BYzUrDOvrWwJpg==

"@esbuild/win32-x64@0.18.11":
  version "0.18.11"
  resolved "https://registry.yarnpkg.com/@esbuild/win32-x64/-/win32-x64-0.18.11.tgz#6526c7e1b40d5b9f0a222c6b767c22f6fb97aa57"
  integrity sha512-rQI4cjLHd2hGsM1LqgDI7oOCYbQ6IBOVsX9ejuRMSze0GqXUG2ekwiKkiBU1pRGSeCqFFHxTrcEydB2Hyoz9CA==

"@sapphire/async-queue@^1.5.0":
  version "1.5.0"
  resolved "https://registry.npmjs.org/@sapphire/async-queue/-/async-queue-1.5.0.tgz"
  integrity sha512-JkLdIsP8fPAdh9ZZjrbHWR/+mZj0wvKS5ICibcLrRI1j84UmLMshx5n9QmL8b95d4onJ2xxiyugTgSAX7AalmA==

"@sapphire/shapeshift@^3.8.2":
  version "3.9.2"
  resolved "https://registry.npmjs.org/@sapphire/shapeshift/-/shapeshift-3.9.2.tgz"
  integrity sha512-YRbCXWy969oGIdqR/wha62eX8GNHsvyYi0Rfd4rNW6tSVVa8p0ELiMEuOH/k8rgtvRoM+EMV7Csqz77YdwiDpA==
  dependencies:
    fast-deep-equal "^3.1.3"
    lodash "^4.17.21"

"@types/argparse@^2.0.10":
  version "2.0.10"
  resolved "https://registry.yarnpkg.com/@types/argparse/-/argparse-2.0.10.tgz#664e84808accd1987548d888b9d21b3e9c996a6c"
  integrity sha512-C4wahC3gz3vQtvPazrJ5ONwmK1zSDllQboiWvpMM/iOswCYfBREFnjFbq/iWKIVOCl8+m5Pk6eva6/ZSsDuIGA==

"@types/fluent-ffmpeg@^2.1.21":
  version "2.1.21"
  resolved "https://registry.yarnpkg.com/@types/fluent-ffmpeg/-/fluent-ffmpeg-2.1.21.tgz#8f2f80370d36b09cae9c144cf9283f40c8cb7bfc"
  integrity sha512-+n3dy/Tegt6n+YwGZUiGq6i8Jrnt8+MoyPiW1L6J5EWUl7GSt18a/VyReecfCsvTTNBXNMIKOMHDstiQM8nJLA==
  dependencies:
    "@types/node" "*"

"@types/node-fetch@^2.6.3":
  version "2.6.4"
  resolved "https://registry.npmjs.org/@types/node-fetch/-/node-fetch-2.6.4.tgz"
  integrity sha512-1ZX9fcN4Rvkvgv4E6PAY5WXUFWFcRWxZa3EW83UjycOB9ljJCedb2CupIP4RZMEwF/M3eTcCihbBRgwtGbg5Rg==
  dependencies:
    "@types/node" "*"
    form-data "^3.0.0"

"@types/node@*", "@types/node@^20.4.0":
  version "20.4.0"
  resolved "https://registry.npmjs.org/@types/node/-/node-20.4.0.tgz"
  integrity sha512-jfT7iTf/4kOQ9S7CHV9BIyRaQqHu67mOjsIQBC3BKZvzvUB6zLxEwJ6sBE3ozcvP8kF6Uk5PXN0Q+c0dfhGX0g==

"@types/ws@^8.5.4":
  version "8.5.5"
  resolved "https://registry.npmjs.org/@types/ws/-/ws-8.5.5.tgz"
  integrity sha512-lwhs8hktwxSjf9UaZ9tG5M03PGogvFaH8gUgLNbN9HKIg0dvv6q+gkSuJ8HN4/VbyxkuLzCjlN7GquQ0gUJfIg==
  dependencies:
    "@types/node" "*"

ansi-styles@^4.1.0:
  version "4.3.0"
  resolved "https://registry.npmjs.org/ansi-styles/-/ansi-styles-4.3.0.tgz"
  integrity sha512-zbB9rCJAT1rbjiVDb2hqKFHNYLxgtk8NURxZ3IZwD3F6NtxbXZQCnnSi1Lkx+IDohdPlFp222wVALIheZJQSEg==
  dependencies:
    color-convert "^2.0.1"

argparse@^2.0.1:
  version "2.0.1"
  resolved "https://registry.npmjs.org/argparse/-/argparse-2.0.1.tgz"
  integrity sha512-8+9WqebbFzpX9OR+Wa6O29asIogeRMzcGtAINdpMHHyAg10f05aSFVBbcEqGf/PXw1EjAZ+q2/bEBg3DvurK3Q==

async@>=0.2.9:
  version "3.2.4"
  resolved "https://registry.yarnpkg.com/async/-/async-3.2.4.tgz#2d22e00f8cddeb5fde5dd33522b56d1cf569a81c"
  integrity sha512-iAB+JbDEGXhyIUavoDl9WP/Jj106Kz9DEn1DPgYw5ruDn0e3Wgi3sKFm55sASdGBNOQB8F59d9qQ7deqrHA8wQ==

asynckit@^0.4.0:
  version "0.4.0"
  resolved "https://registry.npmjs.org/asynckit/-/asynckit-0.4.0.tgz"
  integrity sha512-Oei9OH4tRh0YqU3GxhX79dM/mwVgvbZJaSNaRk+bshkj0S5cfHcgYakreBjrHwatXKbz+IoIdYLxrKim2MjW0Q==

axios@1.1:
  version "1.1.3"
  resolved "https://registry.npmjs.org/axios/-/axios-1.1.3.tgz"
  integrity sha512-00tXVRwKx/FZr/IDVFt4C+f9FYairX517WoGCL6dpOntqLkZofjhu43F/Xl44UOpqa+9sLFDrG/XAnFsUYgkDA==
  dependencies:
    follow-redirects "^1.15.0"
    form-data "^4.0.0"
    proxy-from-env "^1.1.0"

bignumber.js@^9.0.0:
  version "9.1.1"
  resolved "https://registry.npmjs.org/bignumber.js/-/bignumber.js-9.1.1.tgz"
  integrity sha512-pHm4LsMJ6lzgNGVfZHjMoO8sdoRhOzOH4MLmY65Jg70bpxCKu5iOHNJyfF6OyvYw7t8Fpf35RuzUyqnQsj8Vig==

chalk@^4.1.2:
  version "4.1.2"
  resolved "https://registry.npmjs.org/chalk/-/chalk-4.1.2.tgz"
  integrity sha512-oKnbhFyRIXpUuez8iBMmyEa4nbj4IOQyuhc/wy9kY7/WVPcwIO9VA668Pu8RkO7+0G76SLROeyw9CpQ061i4mA==
  dependencies:
    ansi-styles "^4.1.0"
    supports-color "^7.1.0"

color-convert@^2.0.1:
  version "2.0.1"
  resolved "https://registry.npmjs.org/color-convert/-/color-convert-2.0.1.tgz"
  integrity sha512-RRECPsj7iu/xb5oKYcsFHSppFNnsj/52OVTRKb4zP5onXwVF3zVmmToNcOfGC+CRDpfK/U584fMg38ZHCaElKQ==
  dependencies:
    color-name "~1.1.4"

color-name@~1.1.4:
  version "1.1.4"
  resolved "https://registry.npmjs.org/color-name/-/color-name-1.1.4.tgz"
  integrity sha512-dOy+3AuW3a2wNbZHIuMZpTcgjGuLU/uBL/ubcZF9OXbDo8ff4O8yVp5Bf0efS8uEoYo5q4Fx7dY9OgQGXgAsQA==

combined-stream@^1.0.8:
  version "1.0.8"
  resolved "https://registry.npmjs.org/combined-stream/-/combined-stream-1.0.8.tgz"
  integrity sha512-FQN4MRfuJeHf7cBbBMJFXhKSDq+2kAArBlmRBvcvFE5BB1HZKXtSFASDhdlz9zOYwxh8lDdnvmMOe/+5cdoEdg==
  dependencies:
    delayed-stream "~1.0.0"

delayed-stream@~1.0.0:
  version "1.0.0"
  resolved "https://registry.npmjs.org/delayed-stream/-/delayed-stream-1.0.0.tgz"
  integrity sha512-ZySD7Nf91aLB0RxL4KGrKHBXl7Eds1DAmEdcoVawXnLD7SDhpNgtuII2aAkg7a7QS41jxPSZ17p4VdGnMHk3MQ==

discord-api-types@^0.37.37, discord-api-types@^0.37.40, discord-api-types@^0.37.41:
  version "0.37.47"
  resolved "https://registry.npmjs.org/discord-api-types/-/discord-api-types-0.37.47.tgz"
  integrity sha512-rNif8IAv6duS2z47BMXq/V9kkrLfkAoiwpFY3sLxxbyKprk065zqf3HLTg4bEoxRSmi+Lhc7yqGDrG8C3j8GFA==

discord.js-selfbot-v13@^2.14.6:
  version "2.14.6"
  resolved "https://registry.npmjs.org/discord.js-selfbot-v13/-/discord.js-selfbot-v13-2.14.6.tgz"
  integrity sha512-2dILD1ju4eXM2P79FepQnghqCEbS6h9+m6f1xPfVPew2GpWRkWrgfJ3Dd+46xx5/TpkqU+RhfEDZOrgTaRKOUQ==
  dependencies:
    "@aikochan2k6/qrcode-terminal" "^0.12.1"
    "@discordjs/builders" "^1.6.1"
    "@discordjs/collection" "^1.5.0"
    "@discordjs/voice" "^0.16.0"
    "@sapphire/async-queue" "^1.5.0"
    "@sapphire/shapeshift" "^3.8.2"
    "@types/node-fetch" "^2.6.3"
    "@types/ws" "^8.5.4"
    axios "1.1"
    chalk "^4.1.2"
    discord-api-types "^0.37.40"
    fetch-cookie "^2.1.0"
    form-data "^4.0.0"
    json-bigint "^1.0.0"
    lodash.permutations "^1.0.0"
    node-fetch "^2.6.9"
    safe-base64 "^2.0.1-0"
    string-similarity "^4.0.4"
    string_decoder "^1.3.0"
    tough-cookie "^4.1.2"
    ws "^8.13.0"

dotenv@^16.3.1:
  version "16.3.1"
  resolved "https://registry.npmjs.org/dotenv/-/dotenv-16.3.1.tgz"
  integrity sha512-IPzF4w4/Rd94bA9imS68tZBaYyBWSCE47V1RGuMrB94iyTOIEwRmVL2x/4An+6mETpLrKJ5hQkB8W4kFAadeIQ==

esbuild@^0.18.11:
  version "0.18.11"
  resolved "https://registry.npmjs.org/esbuild/-/esbuild-0.18.11.tgz"
  integrity sha512-i8u6mQF0JKJUlGR3OdFLKldJQMMs8OqM9Cc3UCi9XXziJ9WERM5bfkHaEAy0YAvPRMgqSW55W7xYn84XtEFTtA==
  optionalDependencies:
    "@esbuild/android-arm" "0.18.11"
    "@esbuild/android-arm64" "0.18.11"
    "@esbuild/android-x64" "0.18.11"
    "@esbuild/darwin-arm64" "0.18.11"
    "@esbuild/darwin-x64" "0.18.11"
    "@esbuild/freebsd-arm64" "0.18.11"
    "@esbuild/freebsd-x64" "0.18.11"
    "@esbuild/linux-arm" "0.18.11"
    "@esbuild/linux-arm64" "0.18.11"
    "@esbuild/linux-ia32" "0.18.11"
    "@esbuild/linux-loong64" "0.18.11"
    "@esbuild/linux-mips64el" "0.18.11"
    "@esbuild/linux-ppc64" "0.18.11"
    "@esbuild/linux-riscv64" "0.18.11"
    "@esbuild/linux-s390x" "0.18.11"
    "@esbuild/linux-x64" "0.18.11"
    "@esbuild/netbsd-x64" "0.18.11"
    "@esbuild/openbsd-x64" "0.18.11"
    "@esbuild/sunos-x64" "0.18.11"
    "@esbuild/win32-arm64" "0.18.11"
    "@esbuild/win32-ia32" "0.18.11"
    "@esbuild/win32-x64" "0.18.11"

fast-deep-equal@^3.1.3:
  version "3.1.3"
  resolved "https://registry.npmjs.org/fast-deep-equal/-/fast-deep-equal-3.1.3.tgz"
  integrity sha512-f3qQ9oQy9j2AhBe/H9VC91wLmKBCCU/gDOnKNAYG5hswO7BLKj09Hc5HYNz9cGI++xlpDCIgDaitVs03ATR84Q==

fetch-cookie@^2.1.0:
  version "2.1.0"
  resolved "https://registry.npmjs.org/fetch-cookie/-/fetch-cookie-2.1.0.tgz"
  integrity sha512-39+cZRbWfbibmj22R2Jy6dmTbAWC+oqun1f1FzQaNurkPDUP4C38jpeZbiXCR88RKRVDp8UcDrbFXkNhN+NjYg==
  dependencies:
    set-cookie-parser "^2.4.8"
    tough-cookie "^4.0.0"

fluent-ffmpeg@^2.1.2:
  version "2.1.2"
  resolved "https://registry.yarnpkg.com/fluent-ffmpeg/-/fluent-ffmpeg-2.1.2.tgz#c952de2240f812ebda0aa8006d7776ee2acf7d74"
  integrity sha512-IZTB4kq5GK0DPp7sGQ0q/BWurGHffRtQQwVkiqDgeO6wYJLLV5ZhgNOQ65loZxxuPMKZKZcICCUnaGtlxBiR0Q==
  dependencies:
    async ">=0.2.9"
    which "^1.1.1"

follow-redirects@^1.15.0:
  version "1.15.2"
  resolved "https://registry.npmjs.org/follow-redirects/-/follow-redirects-1.15.2.tgz"
  integrity sha512-VQLG33o04KaQ8uYi2tVNbdrWp1QWxNNea+nmIB4EVM28v0hmP17z7aG1+wAkNzVq4KeXTq3221ye5qTJP91JwA==

form-data@^3.0.0:
  version "3.0.1"
  resolved "https://registry.npmjs.org/form-data/-/form-data-3.0.1.tgz"
  integrity sha512-RHkBKtLWUVwd7SqRIvCZMEvAMoGUp0XU+seQiZejj0COz3RI3hWP4sCv3gZWWLjJTd7rGwcsF5eKZGii0r/hbg==
  dependencies:
    asynckit "^0.4.0"
    combined-stream "^1.0.8"
    mime-types "^2.1.12"

form-data@^4.0.0:
  version "4.0.0"
  resolved "https://registry.npmjs.org/form-data/-/form-data-4.0.0.tgz"
  integrity sha512-ETEklSGi5t0QMZuiXoA/Q6vcnxcLQP5vdugSpuAyi6SVGi2clPPp+xgEhuMaHC+zGgn31Kd235W35f7Hykkaww==
  dependencies:
    asynckit "^0.4.0"
    combined-stream "^1.0.8"
    mime-types "^2.1.12"

has-flag@^4.0.0:
  version "4.0.0"
  resolved "https://registry.npmjs.org/has-flag/-/has-flag-4.0.0.tgz"
  integrity sha512-EykJT/Q1KjTWctppgIAgfSO0tKVuZUjhgMr17kqTumMl6Afv3EISleU7qZUzoXDFTAHTDC4NOoG/ZxU3EvlMPQ==

isexe@^2.0.0:
  version "2.0.0"
  resolved "https://registry.yarnpkg.com/isexe/-/isexe-2.0.0.tgz#e8fbf374dc556ff8947a10dcb0572d633f2cfa10"
  integrity sha512-RHxMLp9lnKHGHRng9QFhRCMbYAcVpn69smSGcq3f36xjgVVWThj4qqLbTLlq7Ssj8B+fIQ1EuCEGI2lKsyQeIw==

json-bigint@^1.0.0:
  version "1.0.0"
  resolved "https://registry.npmjs.org/json-bigint/-/json-bigint-1.0.0.tgz"
  integrity sha512-SiPv/8VpZuWbvLSMtTDU8hEfrZWg/mH/nV/b4o0CYbSxu1UIQPLdwKOCIyLQX+VIPO5vrLX3i8qtqFyhdPSUSQ==
  dependencies:
    bignumber.js "^9.0.0"

lodash.permutations@^1.0.0:
  version "1.0.0"
  resolved "https://registry.npmjs.org/lodash.permutations/-/lodash.permutations-1.0.0.tgz"
  integrity sha512-0hFwfPb1V63YefDRGyR3iLDwdOEiNwxb1E3QQfGfytwha9wxb8ZRI1TrIAUPBG/GRGs51ctYvsNWrp+slXC9pw==

lodash@^4.17.21:
  version "4.17.21"
  resolved "https://registry.npmjs.org/lodash/-/lodash-4.17.21.tgz"
  integrity sha512-v2kDEe57lecTulaDIuNTPy3Ry4gLGJ6Z1O3vE1krgXZNrsQ+LFTGHVxVjcXPs17LhbZVGedAJv8XZ1tvj5FvSg==

m3u8stream@^0.8.6:
  version "0.8.6"
  resolved "https://registry.yarnpkg.com/m3u8stream/-/m3u8stream-0.8.6.tgz#0d6de4ce8ee69731734e6b616e7b05dd9d9a55b1"
  integrity sha512-LZj8kIVf9KCphiHmH7sbFQTVe4tOemb202fWwvJwR9W5ENW/1hxJN6ksAWGhQgSBSa3jyWhnjKU1Fw1GaOdbyA==
  dependencies:
    miniget "^4.2.2"
    sax "^1.2.4"

mime-db@1.52.0:
  version "1.52.0"
  resolved "https://registry.npmjs.org/mime-db/-/mime-db-1.52.0.tgz"
  integrity sha512-sPU4uV7dYlvtWJxwwxHD0PuihVNiE7TyAbQ5SWxDCB9mUYvOgroQOwYQQOKPJ8CIbE+1ETVlOoK1UC2nU3gYvg==

mime-types@^2.1.12:
  version "2.1.35"
  resolved "https://registry.npmjs.org/mime-types/-/mime-types-2.1.35.tgz"
  integrity sha512-ZDY+bPm5zTTF+YpCrAU9nK0UgICYPT0QtT1NZWFv4s++TNkcgVaT0g6+4R2uI4MjQjzysHB1zxuWL50hzaeXiw==
  dependencies:
    mime-db "1.52.0"

miniget@^4.2.2:
  version "4.2.3"
  resolved "https://registry.yarnpkg.com/miniget/-/miniget-4.2.3.tgz#3707a24c7c11c25d359473291638ab28aab349bd"
  integrity sha512-SjbDPDICJ1zT+ZvQwK0hUcRY4wxlhhNpHL9nJOB2MEAXRGagTljsO8MEDzQMTFf0Q8g4QNi8P9lEm/g7e+qgzA==

node-fetch@^2.6.9:
  version "2.6.12"
  resolved "https://registry.npmjs.org/node-fetch/-/node-fetch-2.6.12.tgz"
  integrity sha512-C/fGU2E8ToujUivIO0H+tpQ6HWo4eEmchoPIoXtxCrVghxdKq+QOHqEZW7tuP3KlV3bC8FRMO5nMCC7Zm1VP6g==
  dependencies:
    whatwg-url "^5.0.0"

prism-media@^1.3.5:
  version "1.3.5"
  resolved "https://registry.npmjs.org/prism-media/-/prism-media-1.3.5.tgz"
  integrity sha512-IQdl0Q01m4LrkN1EGIE9lphov5Hy7WWlH6ulf5QdGePLlPas9p2mhgddTEHrlaXYjjFToM1/rWuwF37VF4taaA==

proxy-from-env@^1.1.0:
  version "1.1.0"
  resolved "https://registry.npmjs.org/proxy-from-env/-/proxy-from-env-1.1.0.tgz"
  integrity sha512-D+zkORCbA9f1tdWRK0RaCR3GPv50cMxcrz4X8k5LTSUD1Dkw47mKJEZQNunItRTkWwgtaUSo1RVFRIG9ZXiFYg==

psl@^1.1.33:
  version "1.9.0"
  resolved "https://registry.npmjs.org/psl/-/psl-1.9.0.tgz"
  integrity sha512-E/ZsdU4HLs/68gYzgGTkMicWTLPdAftJLfJFlLUAAKZGkStNU72sZjT66SnMDVOfOWY/YAoiD7Jxa9iHvngcag==

punycode@^2.1.1:
  version "2.3.0"
  resolved "https://registry.npmjs.org/punycode/-/punycode-2.3.0.tgz"
  integrity sha512-rRV+zQD8tVFys26lAGR9WUuS4iUAngJScM+ZRSKtvl5tKeZ2t5bvdNFdNHBW9FWR4guGHlgmsZ1G7BSm2wTbuA==

querystringify@^2.1.1:
  version "2.2.0"
  resolved "https://registry.npmjs.org/querystringify/-/querystringify-2.2.0.tgz"
  integrity sha512-FIqgj2EUvTa7R50u0rGsyTftzjYmv/a3hO345bZNrqabNqjtgiDMgmo4mkUjd+nzU5oF3dClKqFIPUKybUyqoQ==

requires-port@^1.0.0:
  version "1.0.0"
  resolved "https://registry.npmjs.org/requires-port/-/requires-port-1.0.0.tgz"
  integrity sha512-KigOCHcocU3XODJxsu8i/j8T9tzT4adHiecwORRQ0ZZFcp7ahwXuRU1m+yuO90C5ZUyGeGfocHDI14M3L3yDAQ==

safe-base64@^2.0.1-0:
  version "2.0.1-0"
  resolved "https://registry.npmjs.org/safe-base64/-/safe-base64-2.0.1-0.tgz"
  integrity sha512-ZoFf0RRp5NpNkgupFq3oILwFC5wzR8TD+U9WbWAMk4iryuBvyOP/p8nrc5qtDFlqHxL8rwbr/t+rRjsIYZsJrg==

safe-buffer@~5.2.0:
  version "5.2.1"
  resolved "https://registry.npmjs.org/safe-buffer/-/safe-buffer-5.2.1.tgz"
  integrity sha512-rp3So07KcdmmKbGvgaNxQSJr7bGVSVk5S9Eq1F+ppbRo70+YeaDxkw5Dd8NPN+GD6bjnYm2VuPuCXmpuYvmCXQ==

sax@^1.1.3, sax@^1.2.4:
  version "1.2.4"
  resolved "https://registry.yarnpkg.com/sax/-/sax-1.2.4.tgz#2816234e2378bddc4e5354fab5caa895df7100d9"
  integrity sha512-NqVDv9TpANUjFm0N8uM5GxL36UgKi9/atZw+x7YFnQ8ckwFGKrl4xX4yWtrey3UJm5nP1kUbnYgLopqWNSRhWw==

set-cookie-parser@^2.4.8:
  version "2.6.0"
  resolved "https://registry.npmjs.org/set-cookie-parser/-/set-cookie-parser-2.6.0.tgz"
  integrity sha512-RVnVQxTXuerk653XfuliOxBP81Sf0+qfQE73LIYKcyMYHG94AuH0kgrQpRDuTZnSmjpysHmzxJXKNfa6PjFhyQ==

string-similarity@^4.0.4:
  version "4.0.4"
  resolved "https://registry.npmjs.org/string-similarity/-/string-similarity-4.0.4.tgz"
  integrity sha512-/q/8Q4Bl4ZKAPjj8WerIBJWALKkaPRfrvhfF8k/B23i4nzrlRj2/go1m90In7nG/3XDSbOo0+pu6RvCTM9RGMQ==

string_decoder@^1.3.0:
  version "1.3.0"
  resolved "https://registry.npmjs.org/string_decoder/-/string_decoder-1.3.0.tgz"
  integrity sha512-hkRX8U1WjJFd8LsDJ2yQ/wWWxaopEsABU1XfkM8A+j0+85JAGppt16cr1Whg6KIbb4okU6Mql6BOj+uup/wKeA==
  dependencies:
    safe-buffer "~5.2.0"

supports-color@^7.1.0:
  version "7.2.0"
  resolved "https://registry.npmjs.org/supports-color/-/supports-color-7.2.0.tgz"
  integrity sha512-qpCAvRl9stuOHveKsn7HncJRvv501qIacKzQlO/+Lwxc9+0q2wLyv4Dfvt80/DPn2pqOBsJdDiogXGR9+OvwRw==
  dependencies:
    has-flag "^4.0.0"

tough-cookie@^4.0.0, tough-cookie@^4.1.2:
  version "4.1.3"
  resolved "https://registry.npmjs.org/tough-cookie/-/tough-cookie-4.1.3.tgz"
  integrity sha512-aX/y5pVRkfRnfmuX+OdbSdXvPe6ieKX/G2s7e98f4poJHnqH3281gDPm/metm6E/WRamfx7WC4HUqkWHfQHprw==
  dependencies:
    psl "^1.1.33"
    punycode "^2.1.1"
    universalify "^0.2.0"
    url-parse "^1.5.3"

tr46@~0.0.3:
  version "0.0.3"
  resolved "https://registry.npmjs.org/tr46/-/tr46-0.0.3.tgz"
  integrity sha512-N3WMsuqV66lT30CrXNbEjx4GEwlow3v6rr4mCcv6prnfwhS01rkgyFdjPNBYd9br7LpXV1+Emh01fHnq2Gdgrw==

ts-mixer@^6.0.3:
  version "6.0.3"
  resolved "https://registry.npmjs.org/ts-mixer/-/ts-mixer-6.0.3.tgz"
  integrity sha512-k43M7uCG1AkTyxgnmI5MPwKoUvS/bRvLvUb7+Pgpdlmok8AoqmUaZxUUw8zKM5B1lqZrt41GjYgnvAi0fppqgQ==

tslib@^2.5.0:
  version "2.6.0"
  resolved "https://registry.npmjs.org/tslib/-/tslib-2.6.0.tgz"
  integrity sha512-7At1WUettjcSRHXCyYtTselblcHl9PJFFVKiCAy/bY97+BPZXSQ2wbq0P9s8tK2G7dFQfNnlJnPAiArVBVBsfA==

typescript@^5.1.6:
  version "5.1.6"
  resolved "https://registry.npmjs.org/typescript/-/typescript-5.1.6.tgz"
  integrity sha512-zaWCozRZ6DLEWAWFrVDz1H6FVXzUSfTy5FUMWsQlU8Ym5JP9eO4xkTIROFCQvhQf61z6O/G6ugw3SgAnvvm+HA==

universalify@^0.2.0:
  version "0.2.0"
  resolved "https://registry.npmjs.org/universalify/-/universalify-0.2.0.tgz"
  integrity sha512-CJ1QgKmNg3CwvAv/kOFmtnEN05f0D/cn9QntgNOQlQF9dgvVTHj3t+8JPdjqawCHk7V/KA+fbUqzZ9XWhcqPUg==

url-parse@^1.5.3:
  version "1.5.10"
  resolved "https://registry.npmjs.org/url-parse/-/url-parse-1.5.10.tgz"
  integrity sha512-WypcfiRhfeUP9vvF0j6rw0J3hrWrw6iZv3+22h6iRMJ/8z1Tj6XfLP4DsUix5MhMPnXpiHDoKyoZ/bdCkwBCiQ==
  dependencies:
    querystringify "^2.1.1"
    requires-port "^1.0.0"

webidl-conversions@^3.0.0:
  version "3.0.1"
  resolved "https://registry.npmjs.org/webidl-conversions/-/webidl-conversions-3.0.1.tgz"
  integrity sha512-2JAn3z8AR6rjK8Sm8orRC0h/bcl/DqL7tRPdGZ4I1CjdF+EaMLmYxBHyXuKL849eucPFhvBoxMsflfOb8kxaeQ==

whatwg-url@^5.0.0:
  version "5.0.0"
  resolved "https://registry.npmjs.org/whatwg-url/-/whatwg-url-5.0.0.tgz"
  integrity sha512-saE57nupxk6v3HY35+jzBwYa0rKSy0XR8JSxZPwgLr7ys0IBzhGviA1/TUGJLmSVqs8pb9AnvICXEuOHLprYTw==
  dependencies:
    tr46 "~0.0.3"
    webidl-conversions "^3.0.0"

which@^1.1.1:
  version "1.3.1"
  resolved "https://registry.yarnpkg.com/which/-/which-1.3.1.tgz#a45043d54f5805316da8d62f9f50918d3da70b0a"
  integrity sha512-HxJdYWq1MTIQbJ3nw0cqssHoTNU267KlrDuGZ1WYlxDStUtKUhOaJmh112/TZmHxxUfuJqPXSOm7tDyas0OSIQ==
  dependencies:
    isexe "^2.0.0"

ws@^8.13.0:
  version "8.13.0"
  resolved "https://registry.npmjs.org/ws/-/ws-8.13.0.tgz"
  integrity sha512-x9vcZYTrFPC7aSIbj7sRCYo7L/Xb8Iy+pW0ng0wt2vCJv7M9HOMy0UoN3rr+IFC7hb7vXoqS+P9ktyLLLhO+LA==

ytdl-core@^4.11.4:
  version "4.11.4"
  resolved "https://registry.yarnpkg.com/ytdl-core/-/ytdl-core-4.11.4.tgz#0ee2bd04d8effa7b8762a3ba0e3d038e37dc10f2"
  integrity sha512-tsVvqt++B5LSTMnCKQb4H/PFBewKj7gGPJ6KIM5gOFGMKNZj4qglGAl4QGFG8cNPP6wY54P80FDID5eN2di0GQ==
  dependencies:
    m3u8stream "^0.8.6"
    miniget "^4.2.2"
    sax "^1.1.3"
